<?xml version="1.0" encoding="utf-8"?>
<Project ToolsVersion="4.0" xmlns="http://schemas.microsoft.com/developer/msbuild/2003">
  <ItemGroup>
    <Filter Include="Source Files">
      <UniqueIdentifier>{4FC737F1-C7A5-4376-A066-2A32D752A2FF}</UniqueIdentifier>
      <Extensions>cpp;c;cc;cxx;def;odl;idl;hpj;bat;asm;asmx</Extensions>
    </Filter>
    <Filter Include="Header Files">
      <UniqueIdentifier>{93995380-89BD-4b04-88EB-625FBE52EBFB}</UniqueIdentifier>
      <Extensions>h;hh;hpp;hxx;hm;inl;inc;ipp;xsd</Extensions>
    </Filter>
    <Filter Include="Resource Files">
      <UniqueIdentifier>{67DA6AB6-F800-4c08-8B7A-83BB121AAD01}</UniqueIdentifier>
      <Extensions>rc;ico;cur;bmp;dlg;rc2;rct;bin;rgs;gif;jpg;jpeg;jpe;resx;tiff;tif;png;wav;mfcribbon-ms</Extensions>
    </Filter>
    <Filter Include="Header Files\Shapes">
      <UniqueIdentifier>{a531eaae-0a90-4b7c-be2d-18c3ee2430be}</UniqueIdentifier>
    </Filter>
    <Filter Include="Source Files\Shapes">
      <UniqueIdentifier>{442b9255-5f00-4e7b-a591-ef1637ecbc36}</UniqueIdentifier>
    </Filter>
    <Filter Include="Header Files\Lights">
      <UniqueIdentifier>{e894c36c-14da-422e-a3ba-ed76db8f4be8}</UniqueIdentifier>
    </Filter>
    <Filter Include="Source Files\Lights">
      <UniqueIdentifier>{80316494-6ab7-4eb0-aabe-54a16bee9bb2}</UniqueIdentifier>
    </Filter>
    <Filter Include="Header Files\Texture">
      <UniqueIdentifier>{090678fb-4d00-42a4-974d-8c33c1c64916}</UniqueIdentifier>
    </Filter>
    <Filter Include="Source Files\Texture">
      <UniqueIdentifier>{c8d54562-a017-48a6-aeea-8a21937146c0}</UniqueIdentifier>
    </Filter>
    <Filter Include="Header Files\Texture\Patterns">
      <UniqueIdentifier>{254d3111-03e9-43b4-8268-f44540df9098}</UniqueIdentifier>
    </Filter>
    <Filter Include="Source Files\Texture\Patterns">
      <UniqueIdentifier>{5ed7b469-87c1-4bdb-b9ff-192dce5c16c3}</UniqueIdentifier>
    </Filter>
  </ItemGroup>
  <ItemGroup>
    <ClCompile Include="src\Tuple.cpp">
      <Filter>Source Files</Filter>
    </ClCompile>
    <ClCompile Include="src\Color.cpp">
      <Filter>Source Files</Filter>
    </ClCompile>
    <ClCompile Include="src\Canvas.cpp">
      <Filter>Source Files</Filter>
    </ClCompile>
    <ClCompile Include="src\Matrix.cpp">
      <Filter>Source Files</Filter>
    </ClCompile>
    <ClCompile Include="src\Ray.cpp">
      <Filter>Source Files</Filter>
    </ClCompile>
    <ClCompile Include="src\Shapes\Sphere.cpp">
      <Filter>Source Files\Shapes</Filter>
    </ClCompile>
    <ClCompile Include="src\Intersection.cpp">
      <Filter>Source Files</Filter>
    </ClCompile>
    <ClCompile Include="src\Material.cpp">
      <Filter>Source Files</Filter>
    </ClCompile>
    <ClCompile Include="src\World.cpp">
      <Filter>Source Files</Filter>
    </ClCompile>
    <ClCompile Include="src\Hit.cpp">
      <Filter>Source Files</Filter>
    </ClCompile>
    <ClCompile Include="src\Camera.cpp">
      <Filter>Source Files</Filter>
    </ClCompile>
    <ClCompile Include="src\Shapes\Plane.cpp">
      <Filter>Source Files\Shapes</Filter>
    </ClCompile>
    <ClCompile Include="src\Lights\PointLight.cpp">
      <Filter>Source Files\Lights</Filter>
    </ClCompile>
    <ClCompile Include="src\Lights\AreaLight.cpp">
      <Filter>Source Files\Lights</Filter>
    </ClCompile>
    <ClCompile Include="src\Texture\Texture.cpp">
      <Filter>Source Files\Texture</Filter>
    </ClCompile>
    <ClCompile Include="src\Texture\UVMapping.cpp">
      <Filter>Source Files\Texture</Filter>
    </ClCompile>
    <ClCompile Include="src\Texture\Patterns\Gradient.cpp">
      <Filter>Source Files\Texture\Patterns</Filter>
    </ClCompile>
    <ClCompile Include="src\Texture\Patterns\Ring.cpp">
      <Filter>Source Files\Texture\Patterns</Filter>
    </ClCompile>
    <ClCompile Include="src\Texture\Patterns\Stripe.cpp">
      <Filter>Source Files\Texture\Patterns</Filter>
    </ClCompile>
    <ClCompile Include="src\Texture\Patterns\Checkers.cpp">
      <Filter>Source Files\Texture\Patterns</Filter>
    </ClCompile>
    <ClCompile Include="src\Texture\UVImage.cpp">
      <Filter>Source Files\Texture</Filter>
    </ClCompile>
    <ClCompile Include="src\PPMInterface.cpp">
      <Filter>Source Files</Filter>
    </ClCompile>
    <ClCompile Include="src\SceneParser.cpp">
      <Filter>Source Files</Filter>
    </ClCompile>
  </ItemGroup>
  <ItemGroup>
    <ClInclude Include="include\Tuple.h">
      <Filter>Header Files</Filter>
    </ClInclude>
    <ClInclude Include="include\Color.h">
      <Filter>Header Files</Filter>
    </ClInclude>
    <ClInclude Include="include\Canvas.h">
      <Filter>Header Files</Filter>
    </ClInclude>
    <ClInclude Include="include\Matrix.h">
      <Filter>Header Files</Filter>
    </ClInclude>
    <ClInclude Include="include\Ray.h">
      <Filter>Header Files</Filter>
    </ClInclude>
    <ClInclude Include="include\Shapes\Sphere.h">
      <Filter>Header Files\Shapes</Filter>
    </ClInclude>
    <ClInclude Include="include\Intersection.h">
      <Filter>Header Files</Filter>
    </ClInclude>
    <ClInclude Include="include\Material.h">
      <Filter>Header Files</Filter>
    </ClInclude>
    <ClInclude Include="include\World.h">
      <Filter>Header Files</Filter>
    </ClInclude>
    <ClInclude Include="include\Shapes\Shape.h">
      <Filter>Header Files\Shapes</Filter>
    </ClInclude>
    <ClInclude Include="include\Hit.h">
      <Filter>Header Files</Filter>
    </ClInclude>
    <ClInclude Include="include\Camera.h">
      <Filter>Header Files</Filter>
    </ClInclude>
    <ClInclude Include="include\Shapes\Plane.h">
      <Filter>Header Files\Shapes</Filter>
    </ClInclude>
    <ClInclude Include="include\Lights\PointLight.h">
      <Filter>Header Files\Lights</Filter>
    </ClInclude>
    <ClInclude Include="include\Lights\AreaLight.h">
      <Filter>Header Files\Lights</Filter>
    </ClInclude>
    <ClInclude Include="include\Texture\Pattern.h">
      <Filter>Header Files\Texture</Filter>
    </ClInclude>
    <ClInclude Include="include\Texture\Texture.h">
      <Filter>Header Files\Texture</Filter>
    </ClInclude>
    <ClInclude Include="include\Texture\UVMapping.h">
      <Filter>Header Files\Texture</Filter>
    </ClInclude>
    <ClInclude Include="include\Texture\Patterns\Gradient.h">
      <Filter>Header Files\Texture\Patterns</Filter>
    </ClInclude>
    <ClInclude Include="include\Texture\Patterns\Ring.h">
      <Filter>Header Files\Texture\Patterns</Filter>
    </ClInclude>
    <ClInclude Include="include\Texture\Patterns\Stripe.h">
      <Filter>Header Files\Texture\Patterns</Filter>
    </ClInclude>
    <ClInclude Include="include\Texture\Patterns\Checkers.h">
      <Filter>Header Files\Texture\Patterns</Filter>
    </ClInclude>
    <ClInclude Include="include\Texture\UVImage.h">
      <Filter>Header Files\Texture</Filter>
    </ClInclude>
    <ClInclude Include="include\PPMInterface.h">
      <Filter>Header Files</Filter>
    </ClInclude>
    <ClInclude Include="include\Lights\Light.h">
      <Filter>Header Files\Lights</Filter>
    </ClInclude>
    <ClInclude Include="include\SceneParser.h">
      <Filter>Header Files</Filter>
    </ClInclude>
  </ItemGroup>
</Project>